
Microsoft Visual Studio Solution File, Format Version 12.00
# Visual Studio Version 18
VisualStudioVersion = 18.0.11222.15
MinimumVisualStudioVersion = 10.0.40219.1
Project("{FAE04EC0-301F-11D3-BF4B-00C04F79EFBC}") = "HaleyAbstractions", "..\HaleyAbstractions\HaleyAbstractions\HaleyAbstractions.csproj", "{68B0D22B-A2D4-3C71-2F11-00A9ACB87225}"
EndProject
Project("{FAE04EC0-301F-11D3-BF4B-00C04F79EFBC}") = "HaleyExtensions", "..\HaleyExtensions\HaleyExtensions\HaleyExtensions.csproj", "{79B1B493-9D61-77ED-AC91-959E368D2B82}"
EndProject
Project("{FAE04EC0-301F-11D3-BF4B-00C04F79EFBC}") = "HaleyHelpersDB", "..\HaleyHelpers.DB\HaleyHelpersDB\HaleyHelpersDB.csproj", "{1282D674-D1B0-927D-B481-9888F607A1C8}"
EndProject
Project("{FAE04EC0-301F-11D3-BF4B-00C04F79EFBC}") = "HaleyHelpers", "..\HaleyHelpers\HaleyHelpers\HaleyHelpers.csproj", "{C6F38D6A-1CD6-5AC3-7668-E8CF750F6DC1}"
EndProject
Project("{FAE04EC0-301F-11D3-BF4B-00C04F79EFBC}") = "HaleyHelpersWeb", "..\HaleyHelpers.Web\HaleyHelpersWeb\HaleyHelpersWeb.csproj", "{87193529-6C27-912A-EEE0-E74773C32799}"
EndProject
Project("{FAE04EC0-301F-11D3-BF4B-00C04F79EFBC}") = "HaleyLog", "..\HaleyLog\HaleyLog\HaleyLog.csproj", "{73A0203E-E97F-0B30-E1F3-F34922E6277A}"
EndProject
Project("{FAE04EC0-301F-11D3-BF4B-00C04F79EFBC}") = "HaleyRest", "..\HaleyRest\HaleyRest\HaleyRest.csproj", "{401096D7-2E62-06A4-73F7-6A052A5F362D}"
EndProject
Project("{2150E333-8FDC-42A3-9474-1A3956D46DE8}") = "Haley", "Haley", "{02EA681E-C7D8-13C7-8484-4AC65E1B71E8}"
EndProject
Project("{FAE04EC0-301F-11D3-BF4B-00C04F79EFBC}") = "HaleyEvents", "..\HaleyEvents\HaleyEvents\HaleyEvents.csproj", "{B2CA982F-5324-FC83-38C7-77A45320C286}"
EndProject
Project("{2150E333-8FDC-42A3-9474-1A3956D46DE8}") = "Solution Items", "Solution Items", "{8EC462FD-D22E-90A8-E5CE-7E832BA40C5D}"
	ProjectSection(SolutionItems) = preProject
		..\HaleyProject\HaleyVersion.Props = ..\HaleyProject\HaleyVersion.Props
		ProjectReferences_LifeCycle_Ref.txt = ProjectReferences_LifeCycle_Ref.txt
	EndProjectSection
EndProject
Project("{FAE04EC0-301F-11D3-BF4B-00C04F79EFBC}") = "LCS.Test", "LCS.Test\LCS.Test.csproj", "{0683A6A9-AD8B-41A2-81CD-F8FE1D4EA4C1}"
EndProject
Project("{FAE04EC0-301F-11D3-BF4B-00C04F79EFBC}") = "HaleyLifeCycle", "HaleyLifeCycle\HaleyLifeCycle.csproj", "{A6DD27E1-8585-9041-E22B-D90F0E52AC4E}"
EndProject
Project("{FAE04EC0-301F-11D3-BF4B-00C04F79EFBC}") = "HaleyAbstractionsCore", "..\HaleyAbstractions.Core\HaleyAbstractionsCore\HaleyAbstractionsCore.csproj", "{04532139-F515-A77D-6BAD-E5AE4ABA8805}"
EndProject
Global
	GlobalSection(SolutionConfigurationPlatforms) = preSolution
		Debug|Any CPU = Debug|Any CPU
		Release|Any CPU = Release|Any CPU
	EndGlobalSection
	GlobalSection(ProjectConfigurationPlatforms) = postSolution
		{68B0D22B-A2D4-3C71-2F11-00A9ACB87225}.Debug|Any CPU.ActiveCfg = Debug|Any CPU
		{68B0D22B-A2D4-3C71-2F11-00A9ACB87225}.Debug|Any CPU.Build.0 = Debug|Any CPU
		{68B0D22B-A2D4-3C71-2F11-00A9ACB87225}.Release|Any CPU.ActiveCfg = Release|Any CPU
		{68B0D22B-A2D4-3C71-2F11-00A9ACB87225}.Release|Any CPU.Build.0 = Release|Any CPU
		{79B1B493-9D61-77ED-AC91-959E368D2B82}.Debug|Any CPU.ActiveCfg = Debug|Any CPU
		{79B1B493-9D61-77ED-AC91-959E368D2B82}.Debug|Any CPU.Build.0 = Debug|Any CPU
		{79B1B493-9D61-77ED-AC91-959E368D2B82}.Release|Any CPU.ActiveCfg = Release|Any CPU
		{79B1B493-9D61-77ED-AC91-959E368D2B82}.Release|Any CPU.Build.0 = Release|Any CPU
		{1282D674-D1B0-927D-B481-9888F607A1C8}.Debug|Any CPU.ActiveCfg = Debug|Any CPU
		{1282D674-D1B0-927D-B481-9888F607A1C8}.Debug|Any CPU.Build.0 = Debug|Any CPU
		{1282D674-D1B0-927D-B481-9888F607A1C8}.Release|Any CPU.ActiveCfg = Release|Any CPU
		{1282D674-D1B0-927D-B481-9888F607A1C8}.Release|Any CPU.Build.0 = Release|Any CPU
		{C6F38D6A-1CD6-5AC3-7668-E8CF750F6DC1}.Debug|Any CPU.ActiveCfg = Debug|Any CPU
		{C6F38D6A-1CD6-5AC3-7668-E8CF750F6DC1}.Debug|Any CPU.Build.0 = Debug|Any CPU
		{C6F38D6A-1CD6-5AC3-7668-E8CF750F6DC1}.Release|Any CPU.ActiveCfg = Release|Any CPU
		{C6F38D6A-1CD6-5AC3-7668-E8CF750F6DC1}.Release|Any CPU.Build.0 = Release|Any CPU
		{87193529-6C27-912A-EEE0-E74773C32799}.Debug|Any CPU.ActiveCfg = Debug|Any CPU
		{87193529-6C27-912A-EEE0-E74773C32799}.Debug|Any CPU.Build.0 = Debug|Any CPU
		{87193529-6C27-912A-EEE0-E74773C32799}.Release|Any CPU.ActiveCfg = Release|Any CPU
		{87193529-6C27-912A-EEE0-E74773C32799}.Release|Any CPU.Build.0 = Release|Any CPU
		{73A0203E-E97F-0B30-E1F3-F34922E6277A}.Debug|Any CPU.ActiveCfg = Debug|Any CPU
		{73A0203E-E97F-0B30-E1F3-F34922E6277A}.Debug|Any CPU.Build.0 = Debug|Any CPU
		{73A0203E-E97F-0B30-E1F3-F34922E6277A}.Release|Any CPU.ActiveCfg = Release|Any CPU
		{73A0203E-E97F-0B30-E1F3-F34922E6277A}.Release|Any CPU.Build.0 = Release|Any CPU
		{401096D7-2E62-06A4-73F7-6A052A5F362D}.Debug|Any CPU.ActiveCfg = Debug|Any CPU
		{401096D7-2E62-06A4-73F7-6A052A5F362D}.Debug|Any CPU.Build.0 = Debug|Any CPU
		{401096D7-2E62-06A4-73F7-6A052A5F362D}.Release|Any CPU.ActiveCfg = Release|Any CPU
		{401096D7-2E62-06A4-73F7-6A052A5F362D}.Release|Any CPU.Build.0 = Release|Any CPU
		{B2CA982F-5324-FC83-38C7-77A45320C286}.Debug|Any CPU.ActiveCfg = Debug|Any CPU
		{B2CA982F-5324-FC83-38C7-77A45320C286}.Debug|Any CPU.Build.0 = Debug|Any CPU
		{B2CA982F-5324-FC83-38C7-77A45320C286}.Release|Any CPU.ActiveCfg = Release|Any CPU
		{B2CA982F-5324-FC83-38C7-77A45320C286}.Release|Any CPU.Build.0 = Release|Any CPU
		{0683A6A9-AD8B-41A2-81CD-F8FE1D4EA4C1}.Debug|Any CPU.ActiveCfg = Debug|Any CPU
		{0683A6A9-AD8B-41A2-81CD-F8FE1D4EA4C1}.Debug|Any CPU.Build.0 = Debug|Any CPU
		{0683A6A9-AD8B-41A2-81CD-F8FE1D4EA4C1}.Release|Any CPU.ActiveCfg = Release|Any CPU
		{0683A6A9-AD8B-41A2-81CD-F8FE1D4EA4C1}.Release|Any CPU.Build.0 = Release|Any CPU
		{A6DD27E1-8585-9041-E22B-D90F0E52AC4E}.Debug|Any CPU.ActiveCfg = Debug|Any CPU
		{A6DD27E1-8585-9041-E22B-D90F0E52AC4E}.Debug|Any CPU.Build.0 = Debug|Any CPU
		{A6DD27E1-8585-9041-E22B-D90F0E52AC4E}.Release|Any CPU.ActiveCfg = Release|Any CPU
		{A6DD27E1-8585-9041-E22B-D90F0E52AC4E}.Release|Any CPU.Build.0 = Release|Any CPU
		{04532139-F515-A77D-6BAD-E5AE4ABA8805}.Debug|Any CPU.ActiveCfg = Debug|Any CPU
		{04532139-F515-A77D-6BAD-E5AE4ABA8805}.Debug|Any CPU.Build.0 = Debug|Any CPU
		{04532139-F515-A77D-6BAD-E5AE4ABA8805}.Release|Any CPU.ActiveCfg = Release|Any CPU
		{04532139-F515-A77D-6BAD-E5AE4ABA8805}.Release|Any CPU.Build.0 = Release|Any CPU
	EndGlobalSection
	GlobalSection(SolutionProperties) = preSolution
		HideSolutionNode = FALSE
	EndGlobalSection
	GlobalSection(NestedProjects) = preSolution
		{68B0D22B-A2D4-3C71-2F11-00A9ACB87225} = {02EA681E-C7D8-13C7-8484-4AC65E1B71E8}
		{79B1B493-9D61-77ED-AC91-959E368D2B82} = {02EA681E-C7D8-13C7-8484-4AC65E1B71E8}
		{1282D674-D1B0-927D-B481-9888F607A1C8} = {02EA681E-C7D8-13C7-8484-4AC65E1B71E8}
		{C6F38D6A-1CD6-5AC3-7668-E8CF750F6DC1} = {02EA681E-C7D8-13C7-8484-4AC65E1B71E8}
		{87193529-6C27-912A-EEE0-E74773C32799} = {02EA681E-C7D8-13C7-8484-4AC65E1B71E8}
		{73A0203E-E97F-0B30-E1F3-F34922E6277A} = {02EA681E-C7D8-13C7-8484-4AC65E1B71E8}
		{401096D7-2E62-06A4-73F7-6A052A5F362D} = {02EA681E-C7D8-13C7-8484-4AC65E1B71E8}
		{B2CA982F-5324-FC83-38C7-77A45320C286} = {02EA681E-C7D8-13C7-8484-4AC65E1B71E8}
		{04532139-F515-A77D-6BAD-E5AE4ABA8805} = {02EA681E-C7D8-13C7-8484-4AC65E1B71E8}
	EndGlobalSection
	GlobalSection(ExtensibilityGlobals) = postSolution
		SolutionGuid = {FB1068B8-C4A9-42A0-9A48-68064DD09F9E}
	EndGlobalSection
EndGlobal
